
Microsoft Visual Studio Solution File, Format Version 12.00
# Visual Studio 2013
VisualStudioVersion = 12.0.31101.0
MinimumVisualStudioVersion = 10.0.40219.1
Project("{FAE04EC0-301F-11D3-BF4B-00C04F79EFBC}") = "Exercise01", "Exercise01\Exercise01.csproj", "{E888B98E-B892-4573-9BB8-174CE080B749}"
EndProject
Project("{FAE04EC0-301F-11D3-BF4B-00C04F79EFBC}") = "TestsExercise01", "TestsExercise01\TestsExercise01.csproj", "{B91ED8B4-8056-4FDD-BEC5-A5797D4A03F0}"
EndProject
Project("{FAE04EC0-301F-11D3-BF4B-00C04F79EFBC}") = "Exercise02", "Exercise02\Exercise02.csproj", "{49CCCF58-D4B5-4E25-B958-EB8136C6FB7B}"
EndProject
Global
	GlobalSection(SolutionConfigurationPlatforms) = preSolution
		Debug|Any CPU = Debug|Any CPU
		Release|Any CPU = Release|Any CPU
	EndGlobalSection
	GlobalSection(ProjectConfigurationPlatforms) = postSolution
		{E888B98E-B892-4573-9BB8-174CE080B749}.Debug|Any CPU.ActiveCfg = Debug|Any CPU
		{E888B98E-B892-4573-9BB8-174CE080B749}.Debug|Any CPU.Build.0 = Debug|Any CPU
		{E888B98E-B892-4573-9BB8-174CE080B749}.Release|Any CPU.ActiveCfg = Release|Any CPU
		{E888B98E-B892-4573-9BB8-174CE080B749}.Release|Any CPU.Build.0 = Release|Any CPU
		{B91ED8B4-8056-4FDD-BEC5-A5797D4A03F0}.Debug|Any CPU.ActiveCfg = Debug|Any CPU
		{B91ED8B4-8056-4FDD-BEC5-A5797D4A03F0}.Debug|Any CPU.Build.0 = Debug|Any CPU
		{B91ED8B4-8056-4FDD-BEC5-A5797D4A03F0}.Release|Any CPU.ActiveCfg = Release|Any CPU
		{B91ED8B4-8056-4FDD-BEC5-A5797D4A03F0}.Release|Any CPU.Build.0 = Release|Any CPU
		{49CCCF58-D4B5-4E25-B958-EB8136C6FB7B}.Debug|Any CPU.ActiveCfg = Debug|Any CPU
		{49CCCF58-D4B5-4E25-B958-EB8136C6FB7B}.Debug|Any CPU.Build.0 = Debug|Any CPU
		{49CCCF58-D4B5-4E25-B958-EB8136C6FB7B}.Release|Any CPU.ActiveCfg = Release|Any CPU
		{49CCCF58-D4B5-4E25-B958-EB8136C6FB7B}.Release|Any CPU.Build.0 = Release|Any CPU
	EndGlobalSection
	GlobalSection(SolutionProperties) = preSolution
		HideSolutionNode = FALSE
	EndGlobalSection
EndGlobal
